
Microsoft Visual Studio Solution File, Format Version 12.00
# Visual Studio 2013
VisualStudioVersion = 12.0.30501.0
MinimumVisualStudioVersion = 10.0.40219.1
Project("{FAE04EC0-301F-11D3-BF4B-00C04F79EFBC}") = "GufENuffLogInApi", "GufENuffLogInApi\GufENuffLogInApi.csproj", "{A893A92D-57BD-4E52-A88D-0F6D7029255E}"
EndProject
Project("{FAE04EC0-301F-11D3-BF4B-00C04F79EFBC}") = "GufENuffLogInApi.Tests", "GufENuffLogInApi.Tests\GufENuffLogInApi.Tests.csproj", "{FDB6C9E0-2462-4F25-B505-FEA9900C8A37}"
EndProject
Project("{930C7802-8A8C-48F9-8165-68863BCCD9DD}") = "GufENuffLogInApi.Installer", "GufENuffLogInApi.Installer\GufENuffLogInApi.Installer.wixproj", "{94305206-3F54-4F62-BB89-674C25C049DE}"
	ProjectSection(ProjectDependencies) = postProject
		{A893A92D-57BD-4E52-A88D-0F6D7029255E} = {A893A92D-57BD-4E52-A88D-0F6D7029255E}
	EndProjectSection
EndProject
Project("{BE0A4C86-FC82-4F70-8ED6-D24C8B13E7BF}") = "GufENuffLogInFront", "GufENuffLogInFront\GufENuffLogInFront.javaproj", "{8B2DBABE-4661-4EB1-BC6A-9917CF86C253}"
EndProject
Global
	GlobalSection(SolutionConfigurationPlatforms) = preSolution
		Debug|Any CPU = Debug|Any CPU
		Debug|Mixed Platforms = Debug|Mixed Platforms
		Debug|x86 = Debug|x86
		Release|Any CPU = Release|Any CPU
		Release|Mixed Platforms = Release|Mixed Platforms
		Release|x86 = Release|x86
	EndGlobalSection
	GlobalSection(ProjectConfigurationPlatforms) = postSolution
		{A893A92D-57BD-4E52-A88D-0F6D7029255E}.Debug|Any CPU.ActiveCfg = Debug|Any CPU
		{A893A92D-57BD-4E52-A88D-0F6D7029255E}.Debug|Any CPU.Build.0 = Debug|Any CPU
		{A893A92D-57BD-4E52-A88D-0F6D7029255E}.Debug|Mixed Platforms.ActiveCfg = Debug|Any CPU
		{A893A92D-57BD-4E52-A88D-0F6D7029255E}.Debug|Mixed Platforms.Build.0 = Debug|Any CPU
		{A893A92D-57BD-4E52-A88D-0F6D7029255E}.Debug|x86.ActiveCfg = Debug|Any CPU
		{A893A92D-57BD-4E52-A88D-0F6D7029255E}.Release|Any CPU.ActiveCfg = Release|Any CPU
		{A893A92D-57BD-4E52-A88D-0F6D7029255E}.Release|Any CPU.Build.0 = Release|Any CPU
		{A893A92D-57BD-4E52-A88D-0F6D7029255E}.Release|Mixed Platforms.ActiveCfg = Release|Any CPU
		{A893A92D-57BD-4E52-A88D-0F6D7029255E}.Release|Mixed Platforms.Build.0 = Release|Any CPU
		{A893A92D-57BD-4E52-A88D-0F6D7029255E}.Release|x86.ActiveCfg = Release|Any CPU
		{FDB6C9E0-2462-4F25-B505-FEA9900C8A37}.Debug|Any CPU.ActiveCfg = Debug|Any CPU
		{FDB6C9E0-2462-4F25-B505-FEA9900C8A37}.Debug|Any CPU.Build.0 = Debug|Any CPU
		{FDB6C9E0-2462-4F25-B505-FEA9900C8A37}.Debug|Mixed Platforms.ActiveCfg = Debug|Any CPU
		{FDB6C9E0-2462-4F25-B505-FEA9900C8A37}.Debug|Mixed Platforms.Build.0 = Debug|Any CPU
		{FDB6C9E0-2462-4F25-B505-FEA9900C8A37}.Debug|x86.ActiveCfg = Debug|Any CPU
		{FDB6C9E0-2462-4F25-B505-FEA9900C8A37}.Release|Any CPU.ActiveCfg = Release|Any CPU
		{FDB6C9E0-2462-4F25-B505-FEA9900C8A37}.Release|Any CPU.Build.0 = Release|Any CPU
		{FDB6C9E0-2462-4F25-B505-FEA9900C8A37}.Release|Mixed Platforms.ActiveCfg = Release|Any CPU
		{FDB6C9E0-2462-4F25-B505-FEA9900C8A37}.Release|Mixed Platforms.Build.0 = Release|Any CPU
		{FDB6C9E0-2462-4F25-B505-FEA9900C8A37}.Release|x86.ActiveCfg = Release|Any CPU
		{94305206-3F54-4F62-BB89-674C25C049DE}.Debug|Any CPU.ActiveCfg = Debug|x86
		{94305206-3F54-4F62-BB89-674C25C049DE}.Debug|Mixed Platforms.ActiveCfg = Debug|x86
		{94305206-3F54-4F62-BB89-674C25C049DE}.Debug|Mixed Platforms.Build.0 = Debug|x86
		{94305206-3F54-4F62-BB89-674C25C049DE}.Debug|x86.ActiveCfg = Debug|x86
		{94305206-3F54-4F62-BB89-674C25C049DE}.Debug|x86.Build.0 = Debug|x86
		{94305206-3F54-4F62-BB89-674C25C049DE}.Release|Any CPU.ActiveCfg = Release|x86
		{94305206-3F54-4F62-BB89-674C25C049DE}.Release|Mixed Platforms.ActiveCfg = Release|x86
		{94305206-3F54-4F62-BB89-674C25C049DE}.Release|Mixed Platforms.Build.0 = Release|x86
		{94305206-3F54-4F62-BB89-674C25C049DE}.Release|x86.ActiveCfg = Release|x86
		{94305206-3F54-4F62-BB89-674C25C049DE}.Release|x86.Build.0 = Release|x86
		{8B2DBABE-4661-4EB1-BC6A-9917CF86C253}.Debug|Any CPU.ActiveCfg = Debug|Any CPU
		{8B2DBABE-4661-4EB1-BC6A-9917CF86C253}.Debug|Any CPU.Build.0 = Debug|Any CPU
		{8B2DBABE-4661-4EB1-BC6A-9917CF86C253}.Debug|Mixed Platforms.ActiveCfg = Debug|Any CPU
		{8B2DBABE-4661-4EB1-BC6A-9917CF86C253}.Debug|Mixed Platforms.Build.0 = Debug|Any CPU
		{8B2DBABE-4661-4EB1-BC6A-9917CF86C253}.Debug|x86.ActiveCfg = Debug|Any CPU
		{8B2DBABE-4661-4EB1-BC6A-9917CF86C253}.Release|Any CPU.ActiveCfg = Release|Any CPU
		{8B2DBABE-4661-4EB1-BC6A-9917CF86C253}.Release|Any CPU.Build.0 = Release|Any CPU
		{8B2DBABE-4661-4EB1-BC6A-9917CF86C253}.Release|Mixed Platforms.ActiveCfg = Release|Any CPU
		{8B2DBABE-4661-4EB1-BC6A-9917CF86C253}.Release|Mixed Platforms.Build.0 = Release|Any CPU
		{8B2DBABE-4661-4EB1-BC6A-9917CF86C253}.Release|x86.ActiveCfg = Release|Any CPU
	EndGlobalSection
	GlobalSection(SolutionProperties) = preSolution
		HideSolutionNode = FALSE
	EndGlobalSection
EndGlobal
